// !$*UTF8*$!
{
	archiveVersion = 1;
	classes = {
	};
	objectVersion = 46;
	objects = {

/* Begin PBXBuildFile section */
		CC11B8171AA64D0D008513F4 /* AppDelegate.swift in Sources */ = {isa = PBXBuildFile; fileRef = CC11B8161AA64D0D008513F4 /* AppDelegate.swift */; };
		CC11B8191AA64D0D008513F4 /* ViewController.swift in Sources */ = {isa = PBXBuildFile; fileRef = CC11B8181AA64D0D008513F4 /* ViewController.swift */; };
		CC11B81C1AA64D0D008513F4 /* Main.storyboard in Resources */ = {isa = PBXBuildFile; fileRef = CC11B81A1AA64D0D008513F4 /* Main.storyboard */; };
		CC11B81E1AA64D0D008513F4 /* Images.xcassets in Resources */ = {isa = PBXBuildFile; fileRef = CC11B81D1AA64D0D008513F4 /* Images.xcassets */; };
		CC11B8211AA64D0D008513F4 /* LaunchScreen.xib in Resources */ = {isa = PBXBuildFile; fileRef = CC11B81F1AA64D0D008513F4 /* LaunchScreen.xib */; };
		CC11B82D1AA64D0D008513F4 /* RGB_SlidersTests.swift in Sources */ = {isa = PBXBuildFile; fileRef = CC11B82C1AA64D0D008513F4 /* RGB_SlidersTests.swift */; };
/* End PBXBuildFile section */

/* Begin PBXContainerItemProxy section */
		CC11B8271AA64D0D008513F4 /* PBXContainerItemProxy */ = {
			isa = PBXContainerItemProxy;
			containerPortal = CC11B8091AA64D0D008513F4 /* Project object */;
			proxyType = 1;
			remoteGlobalIDString = CC11B8101AA64D0D008513F4;
			remoteInfo = "RGB Sliders";
		};
/* End PBXContainerItemProxy section */

/* Begin PBXFileReference section */
		CC11B8111AA64D0D008513F4 /* RGB Sliders.app */ = {isa = PBXFileReference; explicitFileType = wrapper.application; includeInIndex = 0; path = "RGB Sliders.app"; sourceTree = BUILT_PRODUCTS_DIR; };
		CC11B8151AA64D0D008513F4 /* Info.plist */ = {isa = PBXFileReference; lastKnownFileType = text.plist.xml; path = Info.plist; sourceTree = "<group>"; };
		CC11B8161AA64D0D008513F4 /* AppDelegate.swift */ = {isa = PBXFileReference; lastKnownFileType = sourcecode.swift; path = AppDelegate.swift; sourceTree = "<group>"; };
		CC11B8181AA64D0D008513F4 /* ViewController.swift */ = {isa = PBXFileReference; lastKnownFileType = sourcecode.swift; path = ViewController.swift; sourceTree = "<group>"; };
		CC11B81B1AA64D0D008513F4 /* Base */ = {isa = PBXFileReference; lastKnownFileType = file.storyboard; name = Base; path = Base.lproj/Main.storyboard; sourceTree = "<group>"; };
		CC11B81D1AA64D0D008513F4 /* Images.xcassets */ = {isa = PBXFileReference; lastKnownFileType = folder.assetcatalog; path = Images.xcassets; sourceTree = "<group>"; };
		CC11B8201AA64D0D008513F4 /* Base */ = {isa = PBXFileReference; lastKnownFileType = file.xib; name = Base; path = Base.lproj/LaunchScreen.xib; sourceTree = "<group>"; };
		CC11B8261AA64D0D008513F4 /* RGB SlidersTests.xctest */ = {isa = PBXFileReference; explicitFileType = wrapper.cfbundle; includeInIndex = 0; path = "RGB SlidersTests.xctest"; sourceTree = BUILT_PRODUCTS_DIR; };
		CC11B82B1AA64D0D008513F4 /* Info.plist */ = {isa = PBXFileReference; lastKnownFileType = text.plist.xml; path = Info.plist; sourceTree = "<group>"; };
		CC11B82C1AA64D0D008513F4 /* RGB_SlidersTests.swift */ = {isa = PBXFileReference; lastKnownFileType = sourcecode.swift; path = RGB_SlidersTests.swift; sourceTree = "<group>"; };
/* End PBXFileReference section */

/* Begin PBXFrameworksBuildPhase section */
		CC11B80E1AA64D0D008513F4 /* Frameworks */ = {
			isa = PBXFrameworksBuildPhase;
			buildActionMask = 2147483647;
			files = (
			);
			runOnlyForDeploymentPostprocessing = 0;
		};
		CC11B8231AA64D0D008513F4 /* Frameworks */ = {
			isa = PBXFrameworksBuildPhase;
			buildActionMask = 2147483647;
			files = (
			);
			runOnlyForDeploymentPostprocessing = 0;
		};
/* End PBXFrameworksBuildPhase section */

/* Begin PBXGroup section */
		CC11B8081AA64D0D008513F4 = {
			isa = PBXGroup;
			children = (
				CC11B8131AA64D0D008513F4 /* RGB Sliders */,
				CC11B8291AA64D0D008513F4 /* RGB SlidersTests */,
				CC11B8121AA64D0D008513F4 /* Products */,
			);
			sourceTree = "<group>";
		};
		CC11B8121AA64D0D008513F4 /* Products */ = {
			isa = PBXGroup;
			children = (
				CC11B8111AA64D0D008513F4 /* RGB Sliders.app */,
				CC11B8261AA64D0D008513F4 /* RGB SlidersTests.xctest */,
			);
			name = Products;
			sourceTree = "<group>";
		};
		CC11B8131AA64D0D008513F4 /* RGB Sliders */ = {
			isa = PBXGroup;
			children = (
				CC11B8161AA64D0D008513F4 /* AppDelegate.swift */,
				CC11B8181AA64D0D008513F4 /* ViewController.swift */,
				CC11B81A1AA64D0D008513F4 /* Main.storyboard */,
				CC11B81D1AA64D0D008513F4 /* Images.xcassets */,
				CC11B81F1AA64D0D008513F4 /* LaunchScreen.xib */,
				CC11B8141AA64D0D008513F4 /* Supporting Files */,
			);
			path = "RGB Sliders";
			sourceTree = "<group>";
		};
		CC11B8141AA64D0D008513F4 /* Supporting Files */ = {
			isa = PBXGroup;
			children = (
				CC11B8151AA64D0D008513F4 /* Info.plist */,
			);
			name = "Supporting Files";
			sourceTree = "<group>";
		};
		CC11B8291AA64D0D008513F4 /* RGB SlidersTests */ = {
			isa = PBXGroup;
			children = (
				CC11B82C1AA64D0D008513F4 /* RGB_SlidersTests.swift */,
				CC11B82A1AA64D0D008513F4 /* Supporting Files */,
			);
			path = "RGB SlidersTests";
			sourceTree = "<group>";
		};
		CC11B82A1AA64D0D008513F4 /* Supporting Files */ = {
			isa = PBXGroup;
			children = (
				CC11B82B1AA64D0D008513F4 /* Info.plist */,
			);
			name = "Supporting Files";
			sourceTree = "<group>";
		};
/* End PBXGroup section */

/* Begin PBXNativeTarget section */
		CC11B8101AA64D0D008513F4 /* RGB Sliders */ = {
			isa = PBXNativeTarget;
			buildConfigurationList = CC11B8301AA64D0D008513F4 /* Build configuration list for PBXNativeTarget "RGB Sliders" */;
			buildPhases = (
				CC11B80D1AA64D0D008513F4 /* Sources */,
				CC11B80E1AA64D0D008513F4 /* Frameworks */,
				CC11B80F1AA64D0D008513F4 /* Resources */,
			);
			buildRules = (
			);
			dependencies = (
			);
			name = "RGB Sliders";
			productName = "RGB Sliders";
			productReference = CC11B8111AA64D0D008513F4 /* RGB Sliders.app */;
			productType = "com.apple.product-type.application";
		};
		CC11B8251AA64D0D008513F4 /* RGB SlidersTests */ = {
			isa = PBXNativeTarget;
			buildConfigurationList = CC11B8331AA64D0D008513F4 /* Build configuration list for PBXNativeTarget "RGB SlidersTests" */;
			buildPhases = (
				CC11B8221AA64D0D008513F4 /* Sources */,
				CC11B8231AA64D0D008513F4 /* Frameworks */,
				CC11B8241AA64D0D008513F4 /* Resources */,
			);
			buildRules = (
			);
			dependencies = (
				CC11B8281AA64D0D008513F4 /* PBXTargetDependency */,
			);
			name = "RGB SlidersTests";
			productName = "RGB SlidersTests";
			productReference = CC11B8261AA64D0D008513F4 /* RGB SlidersTests.xctest */;
			productType = "com.apple.product-type.bundle.unit-test";
		};
/* End PBXNativeTarget section */

/* Begin PBXProject section */
		CC11B8091AA64D0D008513F4 /* Project object */ = {
			isa = PBXProject;
			attributes = {
				LastUpgradeCheck = 0610;
				ORGANIZATIONNAME = punch;
				TargetAttributes = {
					CC11B8101AA64D0D008513F4 = {
						CreatedOnToolsVersion = 6.1;
					};
					CC11B8251AA64D0D008513F4 = {
						CreatedOnToolsVersion = 6.1;
						TestTargetID = CC11B8101AA64D0D008513F4;
					};
				};
			};
			buildConfigurationList = CC11B80C1AA64D0D008513F4 /* Build configuration list for PBXProject "RGB Sliders" */;
			compatibilityVersion = "Xcode 3.2";
			developmentRegion = English;
			hasScannedForEncodings = 0;
			knownRegions = (
				en,
				Base,
			);
			mainGroup = CC11B8081AA64D0D008513F4;
			productRefGroup = CC11B8121AA64D0D008513F4 /* Products */;
			projectDirPath = "";
			projectRoot = "";
			targets = (
				CC11B8101AA64D0D008513F4 /* RGB Sliders */,
				CC11B8251AA64D0D008513F4 /* RGB SlidersTests */,
			);
		};
/* End PBXProject section */

/* Begin PBXResourcesBuildPhase section */
		CC11B80F1AA64D0D008513F4 /* Resources */ = {
			isa = PBXResourcesBuildPhase;
			buildActionMask = 2147483647;
			files = (
				CC11B81C1AA64D0D008513F4 /* Main.storyboard in Resources */,
				CC11B8211AA64D0D008513F4 /* LaunchScreen.xib in Resources */,
				CC11B81E1AA64D0D008513F4 /* Images.xcassets in Resources */,
			);
			runOnlyForDeploymentPostprocessing = 0;
		};
		CC11B8241AA64D0D008513F4 /* Resources */ = {
			isa = PBXResourcesBuildPhase;
			buildActionMask = 2147483647;
			files = (
			);
			runOnlyForDeploymentPostprocessing = 0;
		};
/* End PBXResourcesBuildPhase section */

/* Begin PBXSourcesBuildPhase section */
		CC11B80D1AA64D0D008513F4 /* Sources */ = {
			isa = PBXSourcesBuildPhase;
			buildActionMask = 2147483647;
			files = (
				CC11B8191AA64D0D008513F4 /* ViewController.swift in Sources */,
				CC11B8171AA64D0D008513F4 /* AppDelegate.swift in Sources */,
			);
			runOnlyForDeploymentPostprocessing = 0;
		};
		CC11B8221AA64D0D008513F4 /* Sources */ = {
			isa = PBXSourcesBuildPhase;
			buildActionMask = 2147483647;
			files = (
				CC11B82D1AA64D0D008513F4 /* RGB_SlidersTests.swift in Sources */,
			);
			runOnlyForDeploymentPostprocessing = 0;
		};
/* End PBXSourcesBuildPhase section */

/* Begin PBXTargetDependency section */
		CC11B8281AA64D0D008513F4 /* PBXTargetDependency */ = {
			isa = PBXTargetDependency;
			target = CC11B8101AA64D0D008513F4 /* RGB Sliders */;
			targetProxy = CC11B8271AA64D0D008513F4 /* PBXContainerItemProxy */;
		};
/* End PBXTargetDependency section */

/* Begin PBXVariantGroup section */
		CC11B81A1AA64D0D008513F4 /* Main.storyboard */ = {
			isa = PBXVariantGroup;
			children = (
				CC11B81B1AA64D0D008513F4 /* Base */,
			);
			name = Main.storyboard;
			sourceTree = "<group>";
		};
		CC11B81F1AA64D0D008513F4 /* LaunchScreen.xib */ = {
			isa = PBXVariantGroup;
			children = (
				CC11B8201AA64D0D008513F4 /* Base */,
			);
			name = LaunchScreen.xib;
			sourceTree = "<group>";
		};
/* End PBXVariantGroup section */

/* Begin XCBuildConfiguration section */
		CC11B82E1AA64D0D008513F4 /* Debug */ = {
			isa = XCBuildConfiguration;
			buildSettings = {
				ALWAYS_SEARCH_USER_PATHS = NO;
				CLANG_CXX_LANGUAGE_STANDARD = "gnu++0x";
				CLANG_CXX_LIBRARY = "libc++";
				CLANG_ENABLE_MODULES = YES;
				CLANG_ENABLE_OBJC_ARC = YES;
				CLANG_WARN_BOOL_CONVERSION = YES;
				CLANG_WARN_CONSTANT_CONVERSION = YES;
				CLANG_WARN_DIRECT_OBJC_ISA_USAGE = YES_ERROR;
				CLANG_WARN_EMPTY_BODY = YES;
				CLANG_WARN_ENUM_CONVERSION = YES;
				CLANG_WARN_INT_CONVERSION = YES;
				CLANG_WARN_OBJC_ROOT_CLASS = YES_ERROR;
				CLANG_WARN_UNREACHABLE_CODE = YES;
				CLANG_WARN__DUPLICATE_METHOD_MATCH = YES;
				"CODE_SIGN_IDENTITY[sdk=iphoneos*]" = "iPhone Developer";
				COPY_PHASE_STRIP = NO;
				ENABLE_STRICT_OBJC_MSGSEND = YES;
				GCC_C_LANGUAGE_STANDARD = gnu99;
				GCC_DYNAMIC_NO_PIC = NO;
				GCC_OPTIMIZATION_LEVEL = 0;
				GCC_PREPROCESSOR_DEFINITIONS = (
					"DEBUG=1",
					"$(inherited)",
				);
				GCC_SYMBOLS_PRIVATE_EXTERN = NO;
				GCC_WARN_64_TO_32_BIT_CONVERSION = YES;
				GCC_WARN_ABOUT_RETURN_TYPE = YES_ERROR;
				GCC_WARN_UNDECLARED_SELECTOR = YES;
				GCC_WARN_UNINITIALIZED_AUTOS = YES_AGGRESSIVE;
				GCC_WARN_UNUSED_FUNCTION = YES;
				GCC_WARN_UNUSED_VARIABLE = YES;
				IPHONEOS_DEPLOYMENT_TARGET = 8.1;
				MTL_ENABLE_DEBUG_INFO = YES;
				ONLY_ACTIVE_ARCH = YES;
				SDKROOT = iphoneos;
				SWIFT_OPTIMIZATION_LEVEL = "-Onone";
			};
			name = Debug;
		};
		CC11B82F1AA64D0D008513F4 /* Release */ = {
			isa = XCBuildConfiguration;
			buildSettings = {
				ALWAYS_SEARCH_USER_PATHS = NO;
				CLANG_CXX_LANGUAGE_STANDARD = "gnu++0x";
				CLANG_CXX_LIBRARY = "libc++";
				CLANG_ENABLE_MODULES = YES;
				CLANG_ENABLE_OBJC_ARC = YES;
				CLANG_WARN_BOOL_CONVERSION = YES;
				CLANG_WARN_CONSTANT_CONVERSION = YES;
				CLANG_WARN_DIRECT_OBJC_ISA_USAGE = YES_ERROR;
				CLANG_WARN_EMPTY_BODY = YES;
				CLANG_WARN_ENUM_CONVERSION = YES;
				CLANG_WARN_INT_CONVERSION = YES;
				CLANG_WARN_OBJC_ROOT_CLASS = YES_ERROR;
				CLANG_WARN_UNREACHABLE_CODE = YES;
				CLANG_WARN__DUPLICATE_METHOD_MATCH = YES;
				"CODE_SIGN_IDENTITY[sdk=iphoneos*]" = "iPhone Developer";
				COPY_PHASE_STRIP = YES;
				ENABLE_NS_ASSERTIONS = NO;
				ENABLE_STRICT_OBJC_MSGSEND = YES;
				GCC_C_LANGUAGE_STANDARD = gnu99;
				GCC_WARN_64_TO_32_BIT_CONVERSION = YES;
				GCC_WARN_ABOUT_RETURN_TYPE = YES_ERROR;
				GCC_WARN_UNDECLARED_SELECTOR = YES;
				GCC_WARN_UNINITIALIZED_AUTOS = YES_AGGRESSIVE;
				GCC_WARN_UNUSED_FUNCTION = YES;
				GCC_WARN_UNUSED_VARIABLE = YES;
				IPHONEOS_DEPLOYMENT_TARGET = 8.1;
				MTL_ENABLE_DEBUG_INFO = NO;
				SDKROOT = iphoneos;
				VALIDATE_PRODUCT = YES;
			};
			name = Release;
		};
		CC11B8311AA64D0D008513F4 /* Debug */ = {
			isa = XCBuildConfiguration;
			buildSettings = {
				ASSETCATALOG_COMPILER_APPICON_NAME = AppIcon;
				INFOPLIST_FILE = "RGB Sliders/Info.plist";
				LD_RUNPATH_SEARCH_PATHS = "$(inherited) @executable_path/Frameworks";
				PRODUCT_NAME = "$(TARGET_NAME)";
			};
			name = Debug;
		};
		CC11B8321AA64D0D008513F4 /* Release */ = {
			isa = XCBuildConfiguration;
			buildSettings = {
				ASSETCATALOG_COMPILER_APPICON_NAME = AppIcon;
				INFOPLIST_FILE = "RGB Sliders/Info.plist";
				LD_RUNPATH_SEARCH_PATHS = "$(inherited) @executable_path/Frameworks";
				PRODUCT_NAME = "$(TARGET_NAME)";
			};
			name = Release;
		};
		CC11B8341AA64D0D008513F4 /* Debug */ = {
			isa = XCBuildConfiguration;
			buildSettings = {
				BUNDLE_LOADER = "$(TEST_HOST)";
				FRAMEWORK_SEARCH_PATHS = (
					"$(SDKROOT)/Developer/Library/Frameworks",
					"$(inherited)",
				);
				GCC_PREPROCESSOR_DEFINITIONS = (
					"DEBUG=1",
					"$(inherited)",
				);
				INFOPLIST_FILE = "RGB SlidersTests/Info.plist";
				LD_RUNPATH_SEARCH_PATHS = "$(inherited) @executable_path/Frameworks @loader_path/Frameworks";
				PRODUCT_NAME = "$(TARGET_NAME)";
				TEST_HOST = "$(BUILT_PRODUCTS_DIR)/RGB Sliders.app/RGB Sliders";
			};
			name = Debug;
		};
		CC11B8351AA64D0D008513F4 /* Release */ = {
			isa = XCBuildConfiguration;
			buildSettings = {
				BUNDLE_LOADER = "$(TEST_HOST)";
				FRAMEWORK_SEARCH_PATHS = (
					"$(SDKROOT)/Developer/Library/Frameworks",
					"$(inherited)",
				);
				INFOPLIST_FILE = "RGB SlidersTests/Info.plist";
				LD_RUNPATH_SEARCH_PATHS = "$(inherited) @executable_path/Frameworks @loader_path/Frameworks";
				PRODUCT_NAME = "$(TARGET_NAME)";
				TEST_HOST = "$(BUILT_PRODUCTS_DIR)/RGB Sliders.app/RGB Sliders";
			};
			name = Release;
		};
/* End XCBuildConfiguration section */

/* Begin XCConfigurationList section */
		CC11B80C1AA64D0D008513F4 /* Build configuration list for PBXProject "RGB Sliders" */ = {
			isa = XCConfigurationList;
			buildConfigurations = (
				CC11B82E1AA64D0D008513F4 /* Debug */,
				CC11B82F1AA64D0D008513F4 /* Release */,
			);
			defaultConfigurationIsVisible = 0;
			defaultConfigurationName = Release;
		};
		CC11B8301AA64D0D008513F4 /* Build configuration list for PBXNativeTarget "RGB Sliders" */ = {
			isa = XCConfigurationList;
			buildConfigurations = (
				CC11B8311AA64D0D008513F4 /* Debug */,
				CC11B8321AA64D0D008513F4 /* Release */,
			);
			defaultConfigurationIsVisible = 0;
		};
		CC11B8331AA64D0D008513F4 /* Build configuration list for PBXNativeTarget "RGB SlidersTests" */ = {
			isa = XCConfigurationList;
			buildConfigurations = (
				CC11B8341AA64D0D008513F4 /* Debug */,
				CC11B8351AA64D0D008513F4 /* Release */,
			);
			defaultConfigurationIsVisible = 0;
		};
/* End XCConfigurationList section */
	};
	rootObject = CC11B8091AA64D0D008513F4 /* Project object */;
}
